
Microsoft Visual Studio Solution File, Format Version 12.00
# Visual Studio Version 17
VisualStudioVersion = 17.2.32602.215
MinimumVisualStudioVersion = 10.0.40219.1
Project("{FAE04EC0-301F-11D3-BF4B-00C04F79EFBC}") = "Technical.Task.API", "Technical-Task-Backend\Technical.Task.API.csproj", "{F837F40D-41BF-40F7-8D24-36841E6AA8E6}"
EndProject
Project("{FAE04EC0-301F-11D3-BF4B-00C04F79EFBC}") = "Technical.Task.Model", "Technical.Task.Model\Technical.Task.Model.csproj", "{DAD38AC5-763A-4DB7-BCDA-97D8ACDCF9D6}"
EndProject
Project("{FAE04EC0-301F-11D3-BF4B-00C04F79EFBC}") = "Technical.Task.Services", "Technical.Task.Services\Technical.Task.Services.csproj", "{302B8AC2-E8F2-49A8-B790-0E1D3AFC3B42}"
EndProject
Global
	GlobalSection(SolutionConfigurationPlatforms) = preSolution
		Debug|Any CPU = Debug|Any CPU
		Release|Any CPU = Release|Any CPU
	EndGlobalSection
	GlobalSection(ProjectConfigurationPlatforms) = postSolution
		{F837F40D-41BF-40F7-8D24-36841E6AA8E6}.Debug|Any CPU.ActiveCfg = Debug|Any CPU
		{F837F40D-41BF-40F7-8D24-36841E6AA8E6}.Debug|Any CPU.Build.0 = Debug|Any CPU
		{F837F40D-41BF-40F7-8D24-36841E6AA8E6}.Release|Any CPU.ActiveCfg = Release|Any CPU
		{F837F40D-41BF-40F7-8D24-36841E6AA8E6}.Release|Any CPU.Build.0 = Release|Any CPU
		{DAD38AC5-763A-4DB7-BCDA-97D8ACDCF9D6}.Debug|Any CPU.ActiveCfg = Debug|Any CPU
		{DAD38AC5-763A-4DB7-BCDA-97D8ACDCF9D6}.Debug|Any CPU.Build.0 = Debug|Any CPU
		{DAD38AC5-763A-4DB7-BCDA-97D8ACDCF9D6}.Release|Any CPU.ActiveCfg = Release|Any CPU
		{DAD38AC5-763A-4DB7-BCDA-97D8ACDCF9D6}.Release|Any CPU.Build.0 = Release|Any CPU
		{302B8AC2-E8F2-49A8-B790-0E1D3AFC3B42}.Debug|Any CPU.ActiveCfg = Debug|Any CPU
		{302B8AC2-E8F2-49A8-B790-0E1D3AFC3B42}.Debug|Any CPU.Build.0 = Debug|Any CPU
		{302B8AC2-E8F2-49A8-B790-0E1D3AFC3B42}.Release|Any CPU.ActiveCfg = Release|Any CPU
		{302B8AC2-E8F2-49A8-B790-0E1D3AFC3B42}.Release|Any CPU.Build.0 = Release|Any CPU
	EndGlobalSection
	GlobalSection(SolutionProperties) = preSolution
		HideSolutionNode = FALSE
	EndGlobalSection
	GlobalSection(ExtensibilityGlobals) = postSolution
		SolutionGuid = {1A31B9F6-F2F9-4FC5-B0BB-CFBE3793F912}
	EndGlobalSection
EndGlobal
